
Microsoft Visual Studio Solution File, Format Version 12.00
# Visual Studio Version 17
VisualStudioVersion = 17.10.35027.167
MinimumVisualStudioVersion = 10.0.40219.1
Project("{FAE04EC0-301F-11D3-BF4B-00C04F79EFBC}") = "TransactionAPI", "TransactionAPI.csproj", "{2CA4C964-C70F-49E3-B70D-70D37B34DA73}"
EndProject
Global
	GlobalSection(SolutionConfigurationPlatforms) = preSolution
		Debug|Any CPU = Debug|Any CPU
		Release|Any CPU = Release|Any CPU
	EndGlobalSection
	GlobalSection(ProjectConfigurationPlatforms) = postSolution
		{2CA4C964-C70F-49E3-B70D-70D37B34DA73}.Debug|Any CPU.ActiveCfg = Debug|Any CPU
		{2CA4C964-C70F-49E3-B70D-70D37B34DA73}.Debug|Any CPU.Build.0 = Debug|Any CPU
		{2CA4C964-C70F-49E3-B70D-70D37B34DA73}.Release|Any CPU.ActiveCfg = Release|Any CPU
		{2CA4C964-C70F-49E3-B70D-70D37B34DA73}.Release|Any CPU.Build.0 = Release|Any CPU
	EndGlobalSection
	GlobalSection(SolutionProperties) = preSolution
		HideSolutionNode = FALSE
	EndGlobalSection
	GlobalSection(ExtensibilityGlobals) = postSolution
		SolutionGuid = {FCB2C698-76F3-49BC-AF27-AFD95A2AFA90}
	EndGlobalSection
EndGlobal
